// !$*UTF8*$!
{
	archiveVersion = 1;
	classes = {
	};
	objectVersion = 46;
	objects = {

/* Begin PBXBuildFile section */
		570F00E51A6EC4CB003CAB2C /* main.m in Sources */ = {isa = PBXBuildFile; fileRef = 570F00E41A6EC4CB003CAB2C /* main.m */; };
		570F00E81A6EC4CB003CAB2C /* AppDelegate.m in Sources */ = {isa = PBXBuildFile; fileRef = 570F00E71A6EC4CB003CAB2C /* AppDelegate.m */; };
		570F00EB1A6EC4CB003CAB2C /* Pages.xcdatamodeld in Sources */ = {isa = PBXBuildFile; fileRef = 570F00E91A6EC4CB003CAB2C /* Pages.xcdatamodeld */; };
		570F00EE1A6EC4CB003CAB2C /* ViewController.m in Sources */ = {isa = PBXBuildFile; fileRef = 570F00ED1A6EC4CB003CAB2C /* ViewController.m */; };
		570F00F11A6EC4CB003CAB2C /* Main.storyboard in Resources */ = {isa = PBXBuildFile; fileRef = 570F00EF1A6EC4CB003CAB2C /* Main.storyboard */; };
		570F00F31A6EC4CB003CAB2C /* Images.xcassets in Resources */ = {isa = PBXBuildFile; fileRef = 570F00F21A6EC4CB003CAB2C /* Images.xcassets */; };
		570F00F61A6EC4CB003CAB2C /* LaunchScreen.xib in Resources */ = {isa = PBXBuildFile; fileRef = 570F00F41A6EC4CB003CAB2C /* LaunchScreen.xib */; };
		570F01021A6EC4CB003CAB2C /* PagesTests.m in Sources */ = {isa = PBXBuildFile; fileRef = 570F01011A6EC4CB003CAB2C /* PagesTests.m */; };
		570F010D1A6EC5E4003CAB2C /* AddViewController.m in Sources */ = {isa = PBXBuildFile; fileRef = 570F010C1A6EC5E4003CAB2C /* AddViewController.m */; };
		570F01101A6EDAE9003CAB2C /* Profile.m in Sources */ = {isa = PBXBuildFile; fileRef = 570F010F1A6EDAE9003CAB2C /* Profile.m */; };
		570F01141A6EDF05003CAB2C /* SuperTableViewCell.m in Sources */ = {isa = PBXBuildFile; fileRef = 570F01131A6EDF05003CAB2C /* SuperTableViewCell.m */; };
/* End PBXBuildFile section */

/* Begin PBXContainerItemProxy section */
		570F00FC1A6EC4CB003CAB2C /* PBXContainerItemProxy */ = {
			isa = PBXContainerItemProxy;
			containerPortal = 570F00D71A6EC4CB003CAB2C /* Project object */;
			proxyType = 1;
			remoteGlobalIDString = 570F00DE1A6EC4CB003CAB2C;
			remoteInfo = Pages;
		};
/* End PBXContainerItemProxy section */

/* Begin PBXFileReference section */
		570F00DF1A6EC4CB003CAB2C /* Pages.app */ = {isa = PBXFileReference; explicitFileType = wrapper.application; includeInIndex = 0; path = Pages.app; sourceTree = BUILT_PRODUCTS_DIR; };
		570F00E31A6EC4CB003CAB2C /* Info.plist */ = {isa = PBXFileReference; lastKnownFileType = text.plist.xml; path = Info.plist; sourceTree = "<group>"; };
		570F00E41A6EC4CB003CAB2C /* main.m */ = {isa = PBXFileReference; lastKnownFileType = sourcecode.c.objc; path = main.m; sourceTree = "<group>"; };
		570F00E61A6EC4CB003CAB2C /* AppDelegate.h */ = {isa = PBXFileReference; lastKnownFileType = sourcecode.c.h; path = AppDelegate.h; sourceTree = "<group>"; };
		570F00E71A6EC4CB003CAB2C /* AppDelegate.m */ = {isa = PBXFileReference; lastKnownFileType = sourcecode.c.objc; path = AppDelegate.m; sourceTree = "<group>"; };
		570F00EA1A6EC4CB003CAB2C /* Pages.xcdatamodel */ = {isa = PBXFileReference; lastKnownFileType = wrapper.xcdatamodel; path = Pages.xcdatamodel; sourceTree = "<group>"; };
		570F00EC1A6EC4CB003CAB2C /* ViewController.h */ = {isa = PBXFileReference; lastKnownFileType = sourcecode.c.h; path = ViewController.h; sourceTree = "<group>"; };
		570F00ED1A6EC4CB003CAB2C /* ViewController.m */ = {isa = PBXFileReference; lastKnownFileType = sourcecode.c.objc; path = ViewController.m; sourceTree = "<group>"; };
		570F00F01A6EC4CB003CAB2C /* Base */ = {isa = PBXFileReference; lastKnownFileType = file.storyboard; name = Base; path = Base.lproj/Main.storyboard; sourceTree = "<group>"; };
		570F00F21A6EC4CB003CAB2C /* Images.xcassets */ = {isa = PBXFileReference; lastKnownFileType = folder.assetcatalog; path = Images.xcassets; sourceTree = "<group>"; };
		570F00F51A6EC4CB003CAB2C /* Base */ = {isa = PBXFileReference; lastKnownFileType = file.xib; name = Base; path = Base.lproj/LaunchScreen.xib; sourceTree = "<group>"; };
		570F00FB1A6EC4CB003CAB2C /* PagesTests.xctest */ = {isa = PBXFileReference; explicitFileType = wrapper.cfbundle; includeInIndex = 0; path = PagesTests.xctest; sourceTree = BUILT_PRODUCTS_DIR; };
		570F01001A6EC4CB003CAB2C /* Info.plist */ = {isa = PBXFileReference; lastKnownFileType = text.plist.xml; path = Info.plist; sourceTree = "<group>"; };
		570F01011A6EC4CB003CAB2C /* PagesTests.m */ = {isa = PBXFileReference; lastKnownFileType = sourcecode.c.objc; path = PagesTests.m; sourceTree = "<group>"; };
		570F010B1A6EC5E4003CAB2C /* AddViewController.h */ = {isa = PBXFileReference; fileEncoding = 4; lastKnownFileType = sourcecode.c.h; path = AddViewController.h; sourceTree = "<group>"; };
		570F010C1A6EC5E4003CAB2C /* AddViewController.m */ = {isa = PBXFileReference; fileEncoding = 4; lastKnownFileType = sourcecode.c.objc; path = AddViewController.m; sourceTree = "<group>"; };
		570F010E1A6EDAE9003CAB2C /* Profile.h */ = {isa = PBXFileReference; fileEncoding = 4; lastKnownFileType = sourcecode.c.h; path = Profile.h; sourceTree = "<group>"; };
		570F010F1A6EDAE9003CAB2C /* Profile.m */ = {isa = PBXFileReference; fileEncoding = 4; lastKnownFileType = sourcecode.c.objc; path = Profile.m; sourceTree = "<group>"; };
		570F01121A6EDF05003CAB2C /* SuperTableViewCell.h */ = {isa = PBXFileReference; fileEncoding = 4; lastKnownFileType = sourcecode.c.h; path = SuperTableViewCell.h; sourceTree = "<group>"; };
		570F01131A6EDF05003CAB2C /* SuperTableViewCell.m */ = {isa = PBXFileReference; fileEncoding = 4; lastKnownFileType = sourcecode.c.objc; path = SuperTableViewCell.m; sourceTree = "<group>"; };
/* End PBXFileReference section */

/* Begin PBXFrameworksBuildPhase section */
		570F00DC1A6EC4CB003CAB2C /* Frameworks */ = {
			isa = PBXFrameworksBuildPhase;
			buildActionMask = 2147483647;
			files = (
			);
			runOnlyForDeploymentPostprocessing = 0;
		};
		570F00F81A6EC4CB003CAB2C /* Frameworks */ = {
			isa = PBXFrameworksBuildPhase;
			buildActionMask = 2147483647;
			files = (
			);
			runOnlyForDeploymentPostprocessing = 0;
		};
/* End PBXFrameworksBuildPhase section */

/* Begin PBXGroup section */
		570F00D61A6EC4CB003CAB2C = {
			isa = PBXGroup;
			children = (
				570F00E11A6EC4CB003CAB2C /* Pages */,
				570F00FE1A6EC4CB003CAB2C /* PagesTests */,
				570F00E01A6EC4CB003CAB2C /* Products */,
			);
			sourceTree = "<group>";
		};
		570F00E01A6EC4CB003CAB2C /* Products */ = {
			isa = PBXGroup;
			children = (
				570F00DF1A6EC4CB003CAB2C /* Pages.app */,
				570F00FB1A6EC4CB003CAB2C /* PagesTests.xctest */,
			);
			name = Products;
			sourceTree = "<group>";
		};
		570F00E11A6EC4CB003CAB2C /* Pages */ = {
			isa = PBXGroup;
			children = (
				570F00E61A6EC4CB003CAB2C /* AppDelegate.h */,
				570F00E71A6EC4CB003CAB2C /* AppDelegate.m */,
				570F00EC1A6EC4CB003CAB2C /* ViewController.h */,
				570F00ED1A6EC4CB003CAB2C /* ViewController.m */,
				570F00EF1A6EC4CB003CAB2C /* Main.storyboard */,
				570F01121A6EDF05003CAB2C /* SuperTableViewCell.h */,
				570F01131A6EDF05003CAB2C /* SuperTableViewCell.m */,
				570F010B1A6EC5E4003CAB2C /* AddViewController.h */,
				570F010C1A6EC5E4003CAB2C /* AddViewController.m */,
				570F00F21A6EC4CB003CAB2C /* Images.xcassets */,
				570F00F41A6EC4CB003CAB2C /* LaunchScreen.xib */,
				570F00E91A6EC4CB003CAB2C /* Pages.xcdatamodeld */,
				570F01111A6EDAED003CAB2C /* CoreData */,
				570F00E21A6EC4CB003CAB2C /* Supporting Files */,
			);
			path = Pages;
			sourceTree = "<group>";
		};
		570F00E21A6EC4CB003CAB2C /* Supporting Files */ = {
			isa = PBXGroup;
			children = (
				570F00E31A6EC4CB003CAB2C /* Info.plist */,
				570F00E41A6EC4CB003CAB2C /* main.m */,
			);
			name = "Supporting Files";
			sourceTree = "<group>";
		};
		570F00FE1A6EC4CB003CAB2C /* PagesTests */ = {
			isa = PBXGroup;
			children = (
				570F01011A6EC4CB003CAB2C /* PagesTests.m */,
				570F00FF1A6EC4CB003CAB2C /* Supporting Files */,
			);
			path = PagesTests;
			sourceTree = "<group>";
		};
		570F00FF1A6EC4CB003CAB2C /* Supporting Files */ = {
			isa = PBXGroup;
			children = (
				570F01001A6EC4CB003CAB2C /* Info.plist */,
			);
			name = "Supporting Files";
			sourceTree = "<group>";
		};
		570F01111A6EDAED003CAB2C /* CoreData */ = {
			isa = PBXGroup;
			children = (
				570F010E1A6EDAE9003CAB2C /* Profile.h */,
				570F010F1A6EDAE9003CAB2C /* Profile.m */,
			);
			name = CoreData;
			sourceTree = "<group>";
		};
/* End PBXGroup section */

/* Begin PBXNativeTarget section */
		570F00DE1A6EC4CB003CAB2C /* Pages */ = {
			isa = PBXNativeTarget;
			buildConfigurationList = 570F01051A6EC4CB003CAB2C /* Build configuration list for PBXNativeTarget "Pages" */;
			buildPhases = (
				570F00DB1A6EC4CB003CAB2C /* Sources */,
				570F00DC1A6EC4CB003CAB2C /* Frameworks */,
				570F00DD1A6EC4CB003CAB2C /* Resources */,
			);
			buildRules = (
			);
			dependencies = (
			);
			name = Pages;
			productName = Pages;
			productReference = 570F00DF1A6EC4CB003CAB2C /* Pages.app */;
			productType = "com.apple.product-type.application";
		};
		570F00FA1A6EC4CB003CAB2C /* PagesTests */ = {
			isa = PBXNativeTarget;
			buildConfigurationList = 570F01081A6EC4CB003CAB2C /* Build configuration list for PBXNativeTarget "PagesTests" */;
			buildPhases = (
				570F00F71A6EC4CB003CAB2C /* Sources */,
				570F00F81A6EC4CB003CAB2C /* Frameworks */,
				570F00F91A6EC4CB003CAB2C /* Resources */,
			);
			buildRules = (
			);
			dependencies = (
				570F00FD1A6EC4CB003CAB2C /* PBXTargetDependency */,
			);
			name = PagesTests;
			productName = PagesTests;
			productReference = 570F00FB1A6EC4CB003CAB2C /* PagesTests.xctest */;
			productType = "com.apple.product-type.bundle.unit-test";
		};
/* End PBXNativeTarget section */

/* Begin PBXProject section */
		570F00D71A6EC4CB003CAB2C /* Project object */ = {
			isa = PBXProject;
			attributes = {
				LastUpgradeCheck = 0610;
				ORGANIZATIONNAME = "Prigozhenkov Maxim";
				TargetAttributes = {
					570F00DE1A6EC4CB003CAB2C = {
						CreatedOnToolsVersion = 6.1.1;
					};
					570F00FA1A6EC4CB003CAB2C = {
						CreatedOnToolsVersion = 6.1.1;
						TestTargetID = 570F00DE1A6EC4CB003CAB2C;
					};
				};
			};
			buildConfigurationList = 570F00DA1A6EC4CB003CAB2C /* Build configuration list for PBXProject "Pages" */;
			compatibilityVersion = "Xcode 3.2";
			developmentRegion = English;
			hasScannedForEncodings = 0;
			knownRegions = (
				en,
				Base,
			);
			mainGroup = 570F00D61A6EC4CB003CAB2C;
			productRefGroup = 570F00E01A6EC4CB003CAB2C /* Products */;
			projectDirPath = "";
			projectRoot = "";
			targets = (
				570F00DE1A6EC4CB003CAB2C /* Pages */,
				570F00FA1A6EC4CB003CAB2C /* PagesTests */,
			);
		};
/* End PBXProject section */

/* Begin PBXResourcesBuildPhase section */
		570F00DD1A6EC4CB003CAB2C /* Resources */ = {
			isa = PBXResourcesBuildPhase;
			buildActionMask = 2147483647;
			files = (
				570F00F11A6EC4CB003CAB2C /* Main.storyboard in Resources */,
				570F00F61A6EC4CB003CAB2C /* LaunchScreen.xib in Resources */,
				570F00F31A6EC4CB003CAB2C /* Images.xcassets in Resources */,
			);
			runOnlyForDeploymentPostprocessing = 0;
		};
		570F00F91A6EC4CB003CAB2C /* Resources */ = {
			isa = PBXResourcesBuildPhase;
			buildActionMask = 2147483647;
			files = (
			);
			runOnlyForDeploymentPostprocessing = 0;
		};
/* End PBXResourcesBuildPhase section */

/* Begin PBXSourcesBuildPhase section */
		570F00DB1A6EC4CB003CAB2C /* Sources */ = {
			isa = PBXSourcesBuildPhase;
			buildActionMask = 2147483647;
			files = (
				570F010D1A6EC5E4003CAB2C /* AddViewController.m in Sources */,
				570F00EB1A6EC4CB003CAB2C /* Pages.xcdatamodeld in Sources */,
				570F01141A6EDF05003CAB2C /* SuperTableViewCell.m in Sources */,
				570F00E81A6EC4CB003CAB2C /* AppDelegate.m in Sources */,
				570F01101A6EDAE9003CAB2C /* Profile.m in Sources */,
				570F00EE1A6EC4CB003CAB2C /* ViewController.m in Sources */,
				570F00E51A6EC4CB003CAB2C /* main.m in Sources */,
			);
			runOnlyForDeploymentPostprocessing = 0;
		};
		570F00F71A6EC4CB003CAB2C /* Sources */ = {
			isa = PBXSourcesBuildPhase;
			buildActionMask = 2147483647;
			files = (
				570F01021A6EC4CB003CAB2C /* PagesTests.m in Sources */,
			);
			runOnlyForDeploymentPostprocessing = 0;
		};
/* End PBXSourcesBuildPhase section */

/* Begin PBXTargetDependency section */
		570F00FD1A6EC4CB003CAB2C /* PBXTargetDependency */ = {
			isa = PBXTargetDependency;
			target = 570F00DE1A6EC4CB003CAB2C /* Pages */;
			targetProxy = 570F00FC1A6EC4CB003CAB2C /* PBXContainerItemProxy */;
		};
/* End PBXTargetDependency section */

/* Begin PBXVariantGroup section */
		570F00EF1A6EC4CB003CAB2C /* Main.storyboard */ = {
			isa = PBXVariantGroup;
			children = (
				570F00F01A6EC4CB003CAB2C /* Base */,
			);
			name = Main.storyboard;
			sourceTree = "<group>";
		};
		570F00F41A6EC4CB003CAB2C /* LaunchScreen.xib */ = {
			isa = PBXVariantGroup;
			children = (
				570F00F51A6EC4CB003CAB2C /* Base */,
			);
			name = LaunchScreen.xib;
			sourceTree = "<group>";
		};
/* End PBXVariantGroup section */

/* Begin XCBuildConfiguration section */
		570F01031A6EC4CB003CAB2C /* Debug */ = {
			isa = XCBuildConfiguration;
			buildSettings = {
				ALWAYS_SEARCH_USER_PATHS = NO;
				CLANG_CXX_LANGUAGE_STANDARD = "gnu++0x";
				CLANG_CXX_LIBRARY = "libc++";
				CLANG_ENABLE_MODULES = YES;
				CLANG_ENABLE_OBJC_ARC = YES;
				CLANG_WARN_BOOL_CONVERSION = YES;
				CLANG_WARN_CONSTANT_CONVERSION = YES;
				CLANG_WARN_DIRECT_OBJC_ISA_USAGE = YES_ERROR;
				CLANG_WARN_EMPTY_BODY = YES;
				CLANG_WARN_ENUM_CONVERSION = YES;
				CLANG_WARN_INT_CONVERSION = YES;
				CLANG_WARN_OBJC_ROOT_CLASS = YES_ERROR;
				CLANG_WARN_UNREACHABLE_CODE = YES;
				CLANG_WARN__DUPLICATE_METHOD_MATCH = YES;
				CODE_SIGN_IDENTITY = "iPhone Developer: Maxim Prigozhenkov (CM2T7TZGB8)";
				"CODE_SIGN_IDENTITY[sdk=iphoneos*]" = "iPhone Developer";
				COPY_PHASE_STRIP = NO;
				ENABLE_STRICT_OBJC_MSGSEND = YES;
				GCC_C_LANGUAGE_STANDARD = gnu99;
				GCC_DYNAMIC_NO_PIC = NO;
				GCC_OPTIMIZATION_LEVEL = 0;
				GCC_PREPROCESSOR_DEFINITIONS = (
					"DEBUG=1",
					"$(inherited)",
				);
				GCC_SYMBOLS_PRIVATE_EXTERN = NO;
				GCC_WARN_64_TO_32_BIT_CONVERSION = YES;
				GCC_WARN_ABOUT_RETURN_TYPE = YES_ERROR;
				GCC_WARN_UNDECLARED_SELECTOR = YES;
				GCC_WARN_UNINITIALIZED_AUTOS = YES_AGGRESSIVE;
				GCC_WARN_UNUSED_FUNCTION = YES;
				GCC_WARN_UNUSED_VARIABLE = YES;
				IPHONEOS_DEPLOYMENT_TARGET = 8.1;
				MTL_ENABLE_DEBUG_INFO = YES;
				ONLY_ACTIVE_ARCH = YES;
				SDKROOT = iphoneos;
				TARGETED_DEVICE_FAMILY = "1,2";
			};
			name = Debug;
		};
		570F01041A6EC4CB003CAB2C /* Release */ = {
			isa = XCBuildConfiguration;
			buildSettings = {
				ALWAYS_SEARCH_USER_PATHS = NO;
				CLANG_CXX_LANGUAGE_STANDARD = "gnu++0x";
				CLANG_CXX_LIBRARY = "libc++";
				CLANG_ENABLE_MODULES = YES;
				CLANG_ENABLE_OBJC_ARC = YES;
				CLANG_WARN_BOOL_CONVERSION = YES;
				CLANG_WARN_CONSTANT_CONVERSION = YES;
				CLANG_WARN_DIRECT_OBJC_ISA_USAGE = YES_ERROR;
				CLANG_WARN_EMPTY_BODY = YES;
				CLANG_WARN_ENUM_CONVERSION = YES;
				CLANG_WARN_INT_CONVERSION = YES;
				CLANG_WARN_OBJC_ROOT_CLASS = YES_ERROR;
				CLANG_WARN_UNREACHABLE_CODE = YES;
				CLANG_WARN__DUPLICATE_METHOD_MATCH = YES;
				CODE_SIGN_IDENTITY = "iPhone Developer: Maxim Prigozhenkov (CM2T7TZGB8)";
				"CODE_SIGN_IDENTITY[sdk=iphoneos*]" = "iPhone Developer";
				COPY_PHASE_STRIP = YES;
				ENABLE_NS_ASSERTIONS = NO;
				ENABLE_STRICT_OBJC_MSGSEND = YES;
				GCC_C_LANGUAGE_STANDARD = gnu99;
				GCC_WARN_64_TO_32_BIT_CONVERSION = YES;
				GCC_WARN_ABOUT_RETURN_TYPE = YES_ERROR;
				GCC_WARN_UNDECLARED_SELECTOR = YES;
				GCC_WARN_UNINITIALIZED_AUTOS = YES_AGGRESSIVE;
				GCC_WARN_UNUSED_FUNCTION = YES;
				GCC_WARN_UNUSED_VARIABLE = YES;
				IPHONEOS_DEPLOYMENT_TARGET = 8.1;
				MTL_ENABLE_DEBUG_INFO = NO;
				SDKROOT = iphoneos;
				TARGETED_DEVICE_FAMILY = "1,2";
				VALIDATE_PRODUCT = YES;
			};
			name = Release;
		};
		570F01061A6EC4CB003CAB2C /* Debug */ = {
			isa = XCBuildConfiguration;
			buildSettings = {
				ASSETCATALOG_COMPILER_APPICON_NAME = AppIcon;
				CODE_SIGN_IDENTITY = "iPhone Developer: Maxim Prigozhenkov (CM2T7TZGB8)";
				INFOPLIST_FILE = Pages/Info.plist;
				LD_RUNPATH_SEARCH_PATHS = "$(inherited) @executable_path/Frameworks";
				PRODUCT_NAME = "$(TARGET_NAME)";
			};
			name = Debug;
		};
		570F01071A6EC4CB003CAB2C /* Release */ = {
			isa = XCBuildConfiguration;
			buildSettings = {
				ASSETCATALOG_COMPILER_APPICON_NAME = AppIcon;
				CODE_SIGN_IDENTITY = "iPhone Developer: Maxim Prigozhenkov (CM2T7TZGB8)";
				INFOPLIST_FILE = Pages/Info.plist;
				LD_RUNPATH_SEARCH_PATHS = "$(inherited) @executable_path/Frameworks";
				PRODUCT_NAME = "$(TARGET_NAME)";
			};
			name = Release;
		};
		570F01091A6EC4CB003CAB2C /* Debug */ = {
			isa = XCBuildConfiguration;
			buildSettings = {
				BUNDLE_LOADER = "$(TEST_HOST)";
				FRAMEWORK_SEARCH_PATHS = (
					"$(SDKROOT)/Developer/Library/Frameworks",
					"$(inherited)",
				);
				GCC_PREPROCESSOR_DEFINITIONS = (
					"DEBUG=1",
					"$(inherited)",
				);
				INFOPLIST_FILE = PagesTests/Info.plist;
				LD_RUNPATH_SEARCH_PATHS = "$(inherited) @executable_path/Frameworks @loader_path/Frameworks";
				PRODUCT_NAME = "$(TARGET_NAME)";
				TEST_HOST = "$(BUILT_PRODUCTS_DIR)/Pages.app/Pages";
			};
			name = Debug;
		};
		570F010A1A6EC4CB003CAB2C /* Release */ = {
			isa = XCBuildConfiguration;
			buildSettings = {
				BUNDLE_LOADER = "$(TEST_HOST)";
				FRAMEWORK_SEARCH_PATHS = (
					"$(SDKROOT)/Developer/Library/Frameworks",
					"$(inherited)",
				);
				INFOPLIST_FILE = PagesTests/Info.plist;
				LD_RUNPATH_SEARCH_PATHS = "$(inherited) @executable_path/Frameworks @loader_path/Frameworks";
				PRODUCT_NAME = "$(TARGET_NAME)";
				TEST_HOST = "$(BUILT_PRODUCTS_DIR)/Pages.app/Pages";
			};
			name = Release;
		};
/* End XCBuildConfiguration section */

/* Begin XCConfigurationList section */
		570F00DA1A6EC4CB003CAB2C /* Build configuration list for PBXProject "Pages" */ = {
			isa = XCConfigurationList;
			buildConfigurations = (
				570F01031A6EC4CB003CAB2C /* Debug */,
				570F01041A6EC4CB003CAB2C /* Release */,
			);
			defaultConfigurationIsVisible = 0;
			defaultConfigurationName = Release;
		};
		570F01051A6EC4CB003CAB2C /* Build configuration list for PBXNativeTarget "Pages" */ = {
			isa = XCConfigurationList;
			buildConfigurations = (
				570F01061A6EC4CB003CAB2C /* Debug */,
				570F01071A6EC4CB003CAB2C /* Release */,
			);
			defaultConfigurationIsVisible = 0;
			defaultConfigurationName = Release;
		};
		570F01081A6EC4CB003CAB2C /* Build configuration list for PBXNativeTarget "PagesTests" */ = {
			isa = XCConfigurationList;
			buildConfigurations = (
				570F01091A6EC4CB003CAB2C /* Debug */,
				570F010A1A6EC4CB003CAB2C /* Release */,
			);
			defaultConfigurationIsVisible = 0;
			defaultConfigurationName = Release;
		};
/* End XCConfigurationList section */

/* Begin XCVersionGroup section */
		570F00E91A6EC4CB003CAB2C /* Pages.xcdatamodeld */ = {
			isa = XCVersionGroup;
			children = (
				570F00EA1A6EC4CB003CAB2C /* Pages.xcdatamodel */,
			);
			currentVersion = 570F00EA1A6EC4CB003CAB2C /* Pages.xcdatamodel */;
			path = Pages.xcdatamodeld;
			sourceTree = "<group>";
			versionGroupType = wrapper.xcdatamodel;
		};
/* End XCVersionGroup section */
	};
	rootObject = 570F00D71A6EC4CB003CAB2C /* Project object */;
}
